
Microsoft Visual Studio Solution File, Format Version 12.00
# Visual Studio Version 16
VisualStudioVersion = 16.0.30413.136
MinimumVisualStudioVersion = 10.0.40219.1
Project("{FAE04EC0-301F-11D3-BF4B-00C04F79EFBC}") = "BeeBook", "BeeBook\BeeBook.csproj", "{839DE81F-0D1B-478E-BD34-719E5C16CAB4}"
EndProject
Global
	GlobalSection(SolutionConfigurationPlatforms) = preSolution
		Debug|Any CPU = Debug|Any CPU
		Release|Any CPU = Release|Any CPU
	EndGlobalSection
	GlobalSection(ProjectConfigurationPlatforms) = postSolution
		{839DE81F-0D1B-478E-BD34-719E5C16CAB4}.Debug|Any CPU.ActiveCfg = Debug|Any CPU
		{839DE81F-0D1B-478E-BD34-719E5C16CAB4}.Debug|Any CPU.Build.0 = Debug|Any CPU
		{839DE81F-0D1B-478E-BD34-719E5C16CAB4}.Release|Any CPU.ActiveCfg = Release|Any CPU
		{839DE81F-0D1B-478E-BD34-719E5C16CAB4}.Release|Any CPU.Build.0 = Release|Any CPU
	EndGlobalSection
	GlobalSection(SolutionProperties) = preSolution
		HideSolutionNode = FALSE
	EndGlobalSection
	GlobalSection(ExtensibilityGlobals) = postSolution
		SolutionGuid = {EBF32A30-8F35-42D6-A878-6520CAC7508B}
	EndGlobalSection
EndGlobal
